
Microsoft Visual Studio Solution File, Format Version 12.00
# Visual Studio Version 16
VisualStudioVersion = 16.0.29503.13
MinimumVisualStudioVersion = 10.0.40219.1
Project("{FAE04EC0-301F-11D3-BF4B-00C04F79EFBC}") = "Kiosk.Android", "Kiosk\Kiosk.Android\Kiosk.Android.csproj", "{944167A6-5F08-44FD-B15C-BDD6187EA760}"
EndProject
Project("{FAE04EC0-301F-11D3-BF4B-00C04F79EFBC}") = "Kiosk.iOS", "Kiosk\Kiosk.iOS\Kiosk.iOS.csproj", "{0F09169D-36BE-4228-9C22-C5D04F502B38}"
EndProject
Project("{9A19103F-16F7-4668-BE54-9A1E7A4F7556}") = "Kiosk", "Kiosk\Kiosk\Kiosk.csproj", "{2250BAB8-95F0-4492-A33C-78F22ABB33AB}"
EndProject
Project("{FAE04EC0-301F-11D3-BF4B-00C04F79EFBC}") = "Kiosk.WPF", "Kiosk.WPF\Kiosk.WPF.csproj", "{AFD5B763-6BBB-4787-AD44-37398667F6E4}"
EndProject
Project("{FAE04EC0-301F-11D3-BF4B-00C04F79EFBC}") = "KioskAdmin", "KioskAdmin\KioskAdmin.csproj", "{64C53343-F7FF-4ED1-AF7E-EEC3C7003A64}"
EndProject
Global
	GlobalSection(SolutionConfigurationPlatforms) = preSolution
		Debug|Any CPU = Debug|Any CPU
		Debug|iPhone = Debug|iPhone
		Debug|iPhoneSimulator = Debug|iPhoneSimulator
		Release|Any CPU = Release|Any CPU
		Release|iPhone = Release|iPhone
		Release|iPhoneSimulator = Release|iPhoneSimulator
	EndGlobalSection
	GlobalSection(ProjectConfigurationPlatforms) = postSolution
		{944167A6-5F08-44FD-B15C-BDD6187EA760}.Debug|Any CPU.ActiveCfg = Debug|Any CPU
		{944167A6-5F08-44FD-B15C-BDD6187EA760}.Debug|Any CPU.Build.0 = Debug|Any CPU
		{944167A6-5F08-44FD-B15C-BDD6187EA760}.Debug|Any CPU.Deploy.0 = Debug|Any CPU
		{944167A6-5F08-44FD-B15C-BDD6187EA760}.Debug|iPhone.ActiveCfg = Debug|Any CPU
		{944167A6-5F08-44FD-B15C-BDD6187EA760}.Debug|iPhone.Build.0 = Debug|Any CPU
		{944167A6-5F08-44FD-B15C-BDD6187EA760}.Debug|iPhone.Deploy.0 = Debug|Any CPU
		{944167A6-5F08-44FD-B15C-BDD6187EA760}.Debug|iPhoneSimulator.ActiveCfg = Debug|Any CPU
		{944167A6-5F08-44FD-B15C-BDD6187EA760}.Debug|iPhoneSimulator.Build.0 = Debug|Any CPU
		{944167A6-5F08-44FD-B15C-BDD6187EA760}.Debug|iPhoneSimulator.Deploy.0 = Debug|Any CPU
		{944167A6-5F08-44FD-B15C-BDD6187EA760}.Release|Any CPU.ActiveCfg = Release|Any CPU
		{944167A6-5F08-44FD-B15C-BDD6187EA760}.Release|Any CPU.Build.0 = Release|Any CPU
		{944167A6-5F08-44FD-B15C-BDD6187EA760}.Release|Any CPU.Deploy.0 = Release|Any CPU
		{944167A6-5F08-44FD-B15C-BDD6187EA760}.Release|iPhone.ActiveCfg = Release|Any CPU
		{944167A6-5F08-44FD-B15C-BDD6187EA760}.Release|iPhone.Build.0 = Release|Any CPU
		{944167A6-5F08-44FD-B15C-BDD6187EA760}.Release|iPhone.Deploy.0 = Release|Any CPU
		{944167A6-5F08-44FD-B15C-BDD6187EA760}.Release|iPhoneSimulator.ActiveCfg = Release|Any CPU
		{944167A6-5F08-44FD-B15C-BDD6187EA760}.Release|iPhoneSimulator.Build.0 = Release|Any CPU
		{944167A6-5F08-44FD-B15C-BDD6187EA760}.Release|iPhoneSimulator.Deploy.0 = Release|Any CPU
		{0F09169D-36BE-4228-9C22-C5D04F502B38}.Debug|Any CPU.ActiveCfg = Debug|iPhoneSimulator
		{0F09169D-36BE-4228-9C22-C5D04F502B38}.Debug|Any CPU.Build.0 = Debug|iPhoneSimulator
		{0F09169D-36BE-4228-9C22-C5D04F502B38}.Debug|Any CPU.Deploy.0 = Debug|iPhoneSimulator
		{0F09169D-36BE-4228-9C22-C5D04F502B38}.Debug|iPhone.ActiveCfg = Debug|iPhone
		{0F09169D-36BE-4228-9C22-C5D04F502B38}.Debug|iPhone.Build.0 = Debug|iPhone
		{0F09169D-36BE-4228-9C22-C5D04F502B38}.Debug|iPhone.Deploy.0 = Debug|iPhone
		{0F09169D-36BE-4228-9C22-C5D04F502B38}.Debug|iPhoneSimulator.ActiveCfg = Debug|iPhoneSimulator
		{0F09169D-36BE-4228-9C22-C5D04F502B38}.Debug|iPhoneSimulator.Build.0 = Debug|iPhoneSimulator
		{0F09169D-36BE-4228-9C22-C5D04F502B38}.Debug|iPhoneSimulator.Deploy.0 = Debug|iPhoneSimulator
		{0F09169D-36BE-4228-9C22-C5D04F502B38}.Release|Any CPU.ActiveCfg = Release|iPhone
		{0F09169D-36BE-4228-9C22-C5D04F502B38}.Release|Any CPU.Build.0 = Release|iPhone
		{0F09169D-36BE-4228-9C22-C5D04F502B38}.Release|Any CPU.Deploy.0 = Release|iPhone
		{0F09169D-36BE-4228-9C22-C5D04F502B38}.Release|iPhone.ActiveCfg = Release|iPhone
		{0F09169D-36BE-4228-9C22-C5D04F502B38}.Release|iPhone.Build.0 = Release|iPhone
		{0F09169D-36BE-4228-9C22-C5D04F502B38}.Release|iPhone.Deploy.0 = Release|iPhone
		{0F09169D-36BE-4228-9C22-C5D04F502B38}.Release|iPhoneSimulator.ActiveCfg = Release|iPhoneSimulator
		{0F09169D-36BE-4228-9C22-C5D04F502B38}.Release|iPhoneSimulator.Build.0 = Release|iPhoneSimulator
		{0F09169D-36BE-4228-9C22-C5D04F502B38}.Release|iPhoneSimulator.Deploy.0 = Release|iPhoneSimulator
		{2250BAB8-95F0-4492-A33C-78F22ABB33AB}.Debug|Any CPU.ActiveCfg = Debug|Any CPU
		{2250BAB8-95F0-4492-A33C-78F22ABB33AB}.Debug|Any CPU.Build.0 = Debug|Any CPU
		{2250BAB8-95F0-4492-A33C-78F22ABB33AB}.Debug|Any CPU.Deploy.0 = Debug|Any CPU
		{2250BAB8-95F0-4492-A33C-78F22ABB33AB}.Debug|iPhone.ActiveCfg = Debug|Any CPU
		{2250BAB8-95F0-4492-A33C-78F22ABB33AB}.Debug|iPhone.Build.0 = Debug|Any CPU
		{2250BAB8-95F0-4492-A33C-78F22ABB33AB}.Debug|iPhone.Deploy.0 = Debug|Any CPU
		{2250BAB8-95F0-4492-A33C-78F22ABB33AB}.Debug|iPhoneSimulator.ActiveCfg = Debug|Any CPU
		{2250BAB8-95F0-4492-A33C-78F22ABB33AB}.Debug|iPhoneSimulator.Build.0 = Debug|Any CPU
		{2250BAB8-95F0-4492-A33C-78F22ABB33AB}.Debug|iPhoneSimulator.Deploy.0 = Debug|Any CPU
		{2250BAB8-95F0-4492-A33C-78F22ABB33AB}.Release|Any CPU.ActiveCfg = Release|Any CPU
		{2250BAB8-95F0-4492-A33C-78F22ABB33AB}.Release|Any CPU.Build.0 = Release|Any CPU
		{2250BAB8-95F0-4492-A33C-78F22ABB33AB}.Release|Any CPU.Deploy.0 = Release|Any CPU
		{2250BAB8-95F0-4492-A33C-78F22ABB33AB}.Release|iPhone.ActiveCfg = Release|Any CPU
		{2250BAB8-95F0-4492-A33C-78F22ABB33AB}.Release|iPhone.Build.0 = Release|Any CPU
		{2250BAB8-95F0-4492-A33C-78F22ABB33AB}.Release|iPhone.Deploy.0 = Release|Any CPU
		{2250BAB8-95F0-4492-A33C-78F22ABB33AB}.Release|iPhoneSimulator.ActiveCfg = Release|Any CPU
		{2250BAB8-95F0-4492-A33C-78F22ABB33AB}.Release|iPhoneSimulator.Build.0 = Release|Any CPU
		{2250BAB8-95F0-4492-A33C-78F22ABB33AB}.Release|iPhoneSimulator.Deploy.0 = Release|Any CPU
		{AFD5B763-6BBB-4787-AD44-37398667F6E4}.Debug|Any CPU.ActiveCfg = Debug|Any CPU
		{AFD5B763-6BBB-4787-AD44-37398667F6E4}.Debug|Any CPU.Build.0 = Debug|Any CPU
		{AFD5B763-6BBB-4787-AD44-37398667F6E4}.Debug|iPhone.ActiveCfg = Debug|Any CPU
		{AFD5B763-6BBB-4787-AD44-37398667F6E4}.Debug|iPhone.Build.0 = Debug|Any CPU
		{AFD5B763-6BBB-4787-AD44-37398667F6E4}.Debug|iPhoneSimulator.ActiveCfg = Debug|Any CPU
		{AFD5B763-6BBB-4787-AD44-37398667F6E4}.Debug|iPhoneSimulator.Build.0 = Debug|Any CPU
		{AFD5B763-6BBB-4787-AD44-37398667F6E4}.Release|Any CPU.ActiveCfg = Release|Any CPU
		{AFD5B763-6BBB-4787-AD44-37398667F6E4}.Release|Any CPU.Build.0 = Release|Any CPU
		{AFD5B763-6BBB-4787-AD44-37398667F6E4}.Release|iPhone.ActiveCfg = Release|Any CPU
		{AFD5B763-6BBB-4787-AD44-37398667F6E4}.Release|iPhone.Build.0 = Release|Any CPU
		{AFD5B763-6BBB-4787-AD44-37398667F6E4}.Release|iPhoneSimulator.ActiveCfg = Release|Any CPU
		{AFD5B763-6BBB-4787-AD44-37398667F6E4}.Release|iPhoneSimulator.Build.0 = Release|Any CPU
		{64C53343-F7FF-4ED1-AF7E-EEC3C7003A64}.Debug|Any CPU.ActiveCfg = Debug|Any CPU
		{64C53343-F7FF-4ED1-AF7E-EEC3C7003A64}.Debug|Any CPU.Build.0 = Debug|Any CPU
		{64C53343-F7FF-4ED1-AF7E-EEC3C7003A64}.Debug|iPhone.ActiveCfg = Debug|Any CPU
		{64C53343-F7FF-4ED1-AF7E-EEC3C7003A64}.Debug|iPhone.Build.0 = Debug|Any CPU
		{64C53343-F7FF-4ED1-AF7E-EEC3C7003A64}.Debug|iPhoneSimulator.ActiveCfg = Debug|Any CPU
		{64C53343-F7FF-4ED1-AF7E-EEC3C7003A64}.Debug|iPhoneSimulator.Build.0 = Debug|Any CPU
		{64C53343-F7FF-4ED1-AF7E-EEC3C7003A64}.Release|Any CPU.ActiveCfg = Release|Any CPU
		{64C53343-F7FF-4ED1-AF7E-EEC3C7003A64}.Release|Any CPU.Build.0 = Release|Any CPU
		{64C53343-F7FF-4ED1-AF7E-EEC3C7003A64}.Release|iPhone.ActiveCfg = Release|Any CPU
		{64C53343-F7FF-4ED1-AF7E-EEC3C7003A64}.Release|iPhone.Build.0 = Release|Any CPU
		{64C53343-F7FF-4ED1-AF7E-EEC3C7003A64}.Release|iPhoneSimulator.ActiveCfg = Release|Any CPU
		{64C53343-F7FF-4ED1-AF7E-EEC3C7003A64}.Release|iPhoneSimulator.Build.0 = Release|Any CPU
	EndGlobalSection
	GlobalSection(SolutionProperties) = preSolution
		HideSolutionNode = FALSE
	EndGlobalSection
	GlobalSection(ExtensibilityGlobals) = postSolution
		SolutionGuid = {318E9E59-9BDE-455B-B137-5F92D2350519}
	EndGlobalSection
EndGlobal
